
Microsoft Visual Studio Solution File, Format Version 12.00
# Visual Studio 2012
Project("{FAE04EC0-301F-11D3-BF4B-00C04F79EFBC}") = "MacPAlarmClock", "MacPAlarmClock\MacPAlarmClock.csproj", "{EC536F58-466E-4CA7-A53A-B4FF32DC25A1}"
EndProject
Global
	GlobalSection(SolutionConfigurationPlatforms) = preSolution
		Debug|Any CPU = Debug|Any CPU
		Release|Any CPU = Release|Any CPU
	EndGlobalSection
	GlobalSection(ProjectConfigurationPlatforms) = postSolution
		{EC536F58-466E-4CA7-A53A-B4FF32DC25A1}.Debug|Any CPU.ActiveCfg = Debug|Any CPU
		{EC536F58-466E-4CA7-A53A-B4FF32DC25A1}.Debug|Any CPU.Build.0 = Debug|Any CPU
		{EC536F58-466E-4CA7-A53A-B4FF32DC25A1}.Release|Any CPU.ActiveCfg = Release|Any CPU
		{EC536F58-466E-4CA7-A53A-B4FF32DC25A1}.Release|Any CPU.Build.0 = Release|Any CPU
	EndGlobalSection
	GlobalSection(SolutionProperties) = preSolution
		HideSolutionNode = FALSE
	EndGlobalSection
EndGlobal
